
Microsoft Visual Studio Solution File, Format Version 12.00
# Visual Studio Version 16
VisualStudioVersion = 16.0.31829.152
MinimumVisualStudioVersion = 10.0.40219.1
Project("{FAE04EC0-301F-11D3-BF4B-00C04F79EFBC}") = "ProjectF", "ProjectF\ProjectF.csproj", "{25AD91FD-1B2E-48E2-9D67-B94698C71246}"
EndProject
Global
	GlobalSection(SolutionConfigurationPlatforms) = preSolution
		Debug|Any CPU = Debug|Any CPU
		Debug|x86 = Debug|x86
		Release|Any CPU = Release|Any CPU
		Release|x86 = Release|x86
	EndGlobalSection
	GlobalSection(ProjectConfigurationPlatforms) = postSolution
		{25AD91FD-1B2E-48E2-9D67-B94698C71246}.Debug|Any CPU.ActiveCfg = Debug|Any CPU
		{25AD91FD-1B2E-48E2-9D67-B94698C71246}.Debug|Any CPU.Build.0 = Debug|Any CPU
		{25AD91FD-1B2E-48E2-9D67-B94698C71246}.Debug|x86.ActiveCfg = Debug|x86
		{25AD91FD-1B2E-48E2-9D67-B94698C71246}.Debug|x86.Build.0 = Debug|x86
		{25AD91FD-1B2E-48E2-9D67-B94698C71246}.Release|Any CPU.ActiveCfg = Release|Any CPU
		{25AD91FD-1B2E-48E2-9D67-B94698C71246}.Release|Any CPU.Build.0 = Release|Any CPU
		{25AD91FD-1B2E-48E2-9D67-B94698C71246}.Release|x86.ActiveCfg = Release|x86
		{25AD91FD-1B2E-48E2-9D67-B94698C71246}.Release|x86.Build.0 = Release|x86
	EndGlobalSection
	GlobalSection(SolutionProperties) = preSolution
		HideSolutionNode = FALSE
	EndGlobalSection
	GlobalSection(ExtensibilityGlobals) = postSolution
		SolutionGuid = {8430013C-7116-4513-8BB4-C018BD3DA2D5}
	EndGlobalSection
EndGlobal
